hash: febecaaf018d75e6486840fbc9aa955029540534ec04999e0206360e1ad3595a
updated: 2017-02-03T18:41:17.598226732+09:00
imports:
- name: github.com/coreos/go-systemd
  version: 48702e0da86bd25e76cfef347e2adeb434a0d0a6
  subpackages:
  - dbus
- name: github.com/dustin/go-humanize
  version: 7a41df006ff9af79a29f0ffa9c5f21fbe6314a2d
- name: github.com/fatih/color
  version: 34e4ee095d12986a2cef5ddb9aeb3b8cfcfea17c
- name: github.com/godbus/dbus
  version: 4b24ebee04561bf8a3bcc09aead82062edc56778
- name: github.com/reconquest/loreley
  version: 2ab6b7470a54bfa9b5b0289f9b4e8fc4839838f7
- name: golang.org/x/crypto
  version: 1f22c0103821b9390939b6776727195525381532
  subpackages:
  - ssh/terminal
testImports: []
